
Microsoft Visual Studio Solution File, Format Version 12.00
# Visual Studio Version 17
VisualStudioVersion = 17.10.34916.146
MinimumVisualStudioVersion = 10.0.40219.1
Project("{9A19103F-16F7-4668-BE54-9A1E7A4F7556}") = "IniciarExercicios", "IniciarExercicios.csproj", "{6364C39E-64B4-41E6-865E-2A028CE5F50F}"
EndProject
Project("{2150E333-8FDC-42A3-9474-1A3956D46DE8}") = "Solution Items", "Solution Items", "{6ECE1104-3EB7-4367-BAC5-E12308C79E35}"
EndProject
Project("{9A19103F-16F7-4668-BE54-9A1E7A4F7556}") = "BaseAtividades", "BaseAtividades\BaseAtividades.csproj", "{7F14F93F-69C3-4427-BF75-4594C56C5125}"
EndProject
Project("{9A19103F-16F7-4668-BE54-9A1E7A4F7556}") = "Atividade001 - Exercicios", "Exercicio001\Atividade001 - Exercicios.csproj", "{80562E1C-C023-4392-AC8C-ED7930FB9C2D}"
EndProject
Global
	GlobalSection(SolutionConfigurationPlatforms) = preSolution
		Debug|Any CPU = Debug|Any CPU
		Release|Any CPU = Release|Any CPU
	EndGlobalSection
	GlobalSection(ProjectConfigurationPlatforms) = postSolution
		{6364C39E-64B4-41E6-865E-2A028CE5F50F}.Debug|Any CPU.ActiveCfg = Debug|Any CPU
		{6364C39E-64B4-41E6-865E-2A028CE5F50F}.Debug|Any CPU.Build.0 = Debug|Any CPU
		{6364C39E-64B4-41E6-865E-2A028CE5F50F}.Release|Any CPU.ActiveCfg = Release|Any CPU
		{6364C39E-64B4-41E6-865E-2A028CE5F50F}.Release|Any CPU.Build.0 = Release|Any CPU
		{7F14F93F-69C3-4427-BF75-4594C56C5125}.Debug|Any CPU.ActiveCfg = Debug|Any CPU
		{7F14F93F-69C3-4427-BF75-4594C56C5125}.Debug|Any CPU.Build.0 = Debug|Any CPU
		{7F14F93F-69C3-4427-BF75-4594C56C5125}.Release|Any CPU.ActiveCfg = Release|Any CPU
		{7F14F93F-69C3-4427-BF75-4594C56C5125}.Release|Any CPU.Build.0 = Release|Any CPU
		{80562E1C-C023-4392-AC8C-ED7930FB9C2D}.Debug|Any CPU.ActiveCfg = Debug|Any CPU
		{80562E1C-C023-4392-AC8C-ED7930FB9C2D}.Debug|Any CPU.Build.0 = Debug|Any CPU
		{80562E1C-C023-4392-AC8C-ED7930FB9C2D}.Release|Any CPU.ActiveCfg = Release|Any CPU
		{80562E1C-C023-4392-AC8C-ED7930FB9C2D}.Release|Any CPU.Build.0 = Release|Any CPU
	EndGlobalSection
	GlobalSection(SolutionProperties) = preSolution
		HideSolutionNode = FALSE
	EndGlobalSection
	GlobalSection(NestedProjects) = preSolution
		{6364C39E-64B4-41E6-865E-2A028CE5F50F} = {6ECE1104-3EB7-4367-BAC5-E12308C79E35}
	EndGlobalSection
	GlobalSection(ExtensibilityGlobals) = postSolution
		SolutionGuid = {041A892C-24DD-4271-A51D-A714B1A8B4A7}
	EndGlobalSection
EndGlobal
